
Microsoft Visual Studio Solution File, Format Version 12.00
# Visual Studio Version 17
VisualStudioVersion = 17.8.34525.116
MinimumVisualStudioVersion = 10.0.40219.1
Project("{FAE04EC0-301F-11D3-BF4B-00C04F79EFBC}") = "exercise-1", "exercise-1\exercise-1.csproj", "{0642A239-4FFB-425E-8B4B-E6B3AA2317D4}"
EndProject
Project("{FAE04EC0-301F-11D3-BF4B-00C04F79EFBC}") = "exercise-2", "exercise-2\exercise-2.csproj", "{7CF61AAF-88C0-4598-A3B2-8102C995F14E}"
EndProject
Project("{FAE04EC0-301F-11D3-BF4B-00C04F79EFBC}") = "exercise-3", "exercise-3\exercise-3.csproj", "{0F82C750-20B3-4240-89A2-1C4C20D3D6AA}"
EndProject
Project("{FAE04EC0-301F-11D3-BF4B-00C04F79EFBC}") = "exercise-4", "exercise-4\exercise-4.csproj", "{5AAAC0F4-8A32-4C07-987A-C44EE1564AE2}"
EndProject
Global
	GlobalSection(SolutionConfigurationPlatforms) = preSolution
		Debug|Any CPU = Debug|Any CPU
		Release|Any CPU = Release|Any CPU
	EndGlobalSection
	GlobalSection(ProjectConfigurationPlatforms) = postSolution
		{0642A239-4FFB-425E-8B4B-E6B3AA2317D4}.Debug|Any CPU.ActiveCfg = Debug|Any CPU
		{0642A239-4FFB-425E-8B4B-E6B3AA2317D4}.Debug|Any CPU.Build.0 = Debug|Any CPU
		{0642A239-4FFB-425E-8B4B-E6B3AA2317D4}.Release|Any CPU.ActiveCfg = Release|Any CPU
		{0642A239-4FFB-425E-8B4B-E6B3AA2317D4}.Release|Any CPU.Build.0 = Release|Any CPU
		{7CF61AAF-88C0-4598-A3B2-8102C995F14E}.Debug|Any CPU.ActiveCfg = Debug|Any CPU
		{7CF61AAF-88C0-4598-A3B2-8102C995F14E}.Debug|Any CPU.Build.0 = Debug|Any CPU
		{7CF61AAF-88C0-4598-A3B2-8102C995F14E}.Release|Any CPU.ActiveCfg = Release|Any CPU
		{7CF61AAF-88C0-4598-A3B2-8102C995F14E}.Release|Any CPU.Build.0 = Release|Any CPU
		{0F82C750-20B3-4240-89A2-1C4C20D3D6AA}.Debug|Any CPU.ActiveCfg = Debug|Any CPU
		{0F82C750-20B3-4240-89A2-1C4C20D3D6AA}.Debug|Any CPU.Build.0 = Debug|Any CPU
		{0F82C750-20B3-4240-89A2-1C4C20D3D6AA}.Release|Any CPU.ActiveCfg = Release|Any CPU
		{0F82C750-20B3-4240-89A2-1C4C20D3D6AA}.Release|Any CPU.Build.0 = Release|Any CPU
		{5AAAC0F4-8A32-4C07-987A-C44EE1564AE2}.Debug|Any CPU.ActiveCfg = Debug|Any CPU
		{5AAAC0F4-8A32-4C07-987A-C44EE1564AE2}.Debug|Any CPU.Build.0 = Debug|Any CPU
		{5AAAC0F4-8A32-4C07-987A-C44EE1564AE2}.Release|Any CPU.ActiveCfg = Release|Any CPU
		{5AAAC0F4-8A32-4C07-987A-C44EE1564AE2}.Release|Any CPU.Build.0 = Release|Any CPU
	EndGlobalSection
	GlobalSection(SolutionProperties) = preSolution
		HideSolutionNode = FALSE
	EndGlobalSection
	GlobalSection(ExtensibilityGlobals) = postSolution
		SolutionGuid = {0AED7F88-4E45-494B-B8CD-EEB85193B8AE}
	EndGlobalSection
EndGlobal
